
Microsoft Visual Studio Solution File, Format Version 12.00
# Visual Studio Version 17
VisualStudioVersion = 17.9.34616.47
MinimumVisualStudioVersion = 10.0.40219.1
Project("{9A19103F-16F7-4668-BE54-9A1E7A4F7556}") = "MenuSwitch", "MenuSwitch\MenuSwitch.csproj", "{DE955816-C67F-460D-8391-15D4CC14E130}"
EndProject
Project("{9A19103F-16F7-4668-BE54-9A1E7A4F7556}") = "CarConnect", "CarConnect\CarConnect.csproj", "{BD4BE3BB-431E-4168-9B58-AF80A4A4E5E9}"
EndProject
Project("{9A19103F-16F7-4668-BE54-9A1E7A4F7556}") = "GitDemoProject", "GitDemoProject\GitDemoProject.csproj", "{8F55EDCB-AE95-4669-B8ED-BCB2E33D274E}"
EndProject
Project("{FAE04EC0-301F-11D3-BF4B-00C04F79EFBC}") = "TestingCarConnect", "TestingCarConnect\TestingCarConnect.csproj", "{BCBDA0EF-489F-43AC-AC4B-939579519DBC}"
EndProject
Global
	GlobalSection(SolutionConfigurationPlatforms) = preSolution
		Debug|Any CPU = Debug|Any CPU
		Release|Any CPU = Release|Any CPU
	EndGlobalSection
	GlobalSection(ProjectConfigurationPlatforms) = postSolution
		{DE955816-C67F-460D-8391-15D4CC14E130}.Debug|Any CPU.ActiveCfg = Debug|Any CPU
		{DE955816-C67F-460D-8391-15D4CC14E130}.Debug|Any CPU.Build.0 = Debug|Any CPU
		{DE955816-C67F-460D-8391-15D4CC14E130}.Release|Any CPU.ActiveCfg = Release|Any CPU
		{DE955816-C67F-460D-8391-15D4CC14E130}.Release|Any CPU.Build.0 = Release|Any CPU
		{BD4BE3BB-431E-4168-9B58-AF80A4A4E5E9}.Debug|Any CPU.ActiveCfg = Debug|Any CPU
		{BD4BE3BB-431E-4168-9B58-AF80A4A4E5E9}.Debug|Any CPU.Build.0 = Debug|Any CPU
		{BD4BE3BB-431E-4168-9B58-AF80A4A4E5E9}.Release|Any CPU.ActiveCfg = Release|Any CPU
		{BD4BE3BB-431E-4168-9B58-AF80A4A4E5E9}.Release|Any CPU.Build.0 = Release|Any CPU
		{8F55EDCB-AE95-4669-B8ED-BCB2E33D274E}.Debug|Any CPU.ActiveCfg = Debug|Any CPU
		{8F55EDCB-AE95-4669-B8ED-BCB2E33D274E}.Debug|Any CPU.Build.0 = Debug|Any CPU
		{8F55EDCB-AE95-4669-B8ED-BCB2E33D274E}.Release|Any CPU.ActiveCfg = Release|Any CPU
		{8F55EDCB-AE95-4669-B8ED-BCB2E33D274E}.Release|Any CPU.Build.0 = Release|Any CPU
		{BCBDA0EF-489F-43AC-AC4B-939579519DBC}.Debug|Any CPU.ActiveCfg = Debug|Any CPU
		{BCBDA0EF-489F-43AC-AC4B-939579519DBC}.Debug|Any CPU.Build.0 = Debug|Any CPU
		{BCBDA0EF-489F-43AC-AC4B-939579519DBC}.Release|Any CPU.ActiveCfg = Release|Any CPU
		{BCBDA0EF-489F-43AC-AC4B-939579519DBC}.Release|Any CPU.Build.0 = Release|Any CPU
	EndGlobalSection
	GlobalSection(SolutionProperties) = preSolution
		HideSolutionNode = FALSE
	EndGlobalSection
	GlobalSection(ExtensibilityGlobals) = postSolution
		SolutionGuid = {434BA85F-9E6C-4A8A-9100-88B0B98DD63F}
	EndGlobalSection
EndGlobal
